
Microsoft Visual Studio Solution File, Format Version 12.00
# Visual Studio Version 16
VisualStudioVersion = 16.0.29318.209
MinimumVisualStudioVersion = 10.0.40219.1
Project("{FAE04EC0-301F-11D3-BF4B-00C04F79EFBC}") = "Ogma3", "Ogma3\Ogma3.csproj", "{82836CC4-2B02-485E-9E98-E49F178652ED}"
EndProject
Project("{FAE04EC0-301F-11D3-BF4B-00C04F79EFBC}") = "Ogma3Core", "Ogma3Core\Ogma3Core.csproj", "{F9AC6754-8544-4BD8-9415-1DB13C19B2C7}"
EndProject
Global
	GlobalSection(SolutionConfigurationPlatforms) = preSolution
		Debug|Any CPU = Debug|Any CPU
		Release|Any CPU = Release|Any CPU
	EndGlobalSection
	GlobalSection(ProjectConfigurationPlatforms) = postSolution
		{82836CC4-2B02-485E-9E98-E49F178652ED}.Debug|Any CPU.ActiveCfg = Debug|Any CPU
		{82836CC4-2B02-485E-9E98-E49F178652ED}.Debug|Any CPU.Build.0 = Debug|Any CPU
		{82836CC4-2B02-485E-9E98-E49F178652ED}.Release|Any CPU.ActiveCfg = Release|Any CPU
		{82836CC4-2B02-485E-9E98-E49F178652ED}.Release|Any CPU.Build.0 = Release|Any CPU
		{F9AC6754-8544-4BD8-9415-1DB13C19B2C7}.Debug|Any CPU.ActiveCfg = Debug|Any CPU
		{F9AC6754-8544-4BD8-9415-1DB13C19B2C7}.Debug|Any CPU.Build.0 = Debug|Any CPU
		{F9AC6754-8544-4BD8-9415-1DB13C19B2C7}.Release|Any CPU.ActiveCfg = Release|Any CPU
		{F9AC6754-8544-4BD8-9415-1DB13C19B2C7}.Release|Any CPU.Build.0 = Release|Any CPU
	EndGlobalSection
	GlobalSection(SolutionProperties) = preSolution
		HideSolutionNode = FALSE
	EndGlobalSection
	GlobalSection(ExtensibilityGlobals) = postSolution
		SolutionGuid = {5E7EF784-AD3B-46F1-9365-ACCBA7A6E70B}
	EndGlobalSection
EndGlobal
