
Microsoft Visual Studio Solution File, Format Version 12.00
# Visual Studio Version 17
VisualStudioVersion = 17.8.34330.188
MinimumVisualStudioVersion = 10.0.40219.1
Project("{9A19103F-16F7-4668-BE54-9A1E7A4F7556}") = "Ogma3", "Ogma3\Ogma3.csproj", "{82836CC4-2B02-485E-9E98-E49F178652ED}"
EndProject
Project("{9A19103F-16F7-4668-BE54-9A1E7A4F7556}") = "Utils", "Utils\Utils.csproj", "{9EC165CA-0939-4CBA-8DFA-6F7DA8DEC51E}"
EndProject
Project("{9A19103F-16F7-4668-BE54-9A1E7A4F7556}") = "Utils.Tests", "Utils.Tests\Utils.Tests.csproj", "{45A4BB8B-BA00-401C-B888-6016A51E9DE1}"
EndProject
Project("{9A19103F-16F7-4668-BE54-9A1E7A4F7556}") = "Ogma3.Tests", "Ogma3.Tests\Ogma3.Tests.csproj", "{3B4D50E6-4FFD-4262-8CF7-CAD4BB3EC715}"
EndProject
Global
	GlobalSection(SolutionConfigurationPlatforms) = preSolution
		Debug|Any CPU = Debug|Any CPU
		Release|Any CPU = Release|Any CPU
	EndGlobalSection
	GlobalSection(ProjectConfigurationPlatforms) = postSolution
		{82836CC4-2B02-485E-9E98-E49F178652ED}.Debug|Any CPU.ActiveCfg = Debug|Any CPU
		{82836CC4-2B02-485E-9E98-E49F178652ED}.Debug|Any CPU.Build.0 = Debug|Any CPU
		{82836CC4-2B02-485E-9E98-E49F178652ED}.Release|Any CPU.ActiveCfg = Release|Any CPU
		{82836CC4-2B02-485E-9E98-E49F178652ED}.Release|Any CPU.Build.0 = Release|Any CPU
		{9EC165CA-0939-4CBA-8DFA-6F7DA8DEC51E}.Debug|Any CPU.ActiveCfg = Debug|Any CPU
		{9EC165CA-0939-4CBA-8DFA-6F7DA8DEC51E}.Debug|Any CPU.Build.0 = Debug|Any CPU
		{9EC165CA-0939-4CBA-8DFA-6F7DA8DEC51E}.Release|Any CPU.ActiveCfg = Release|Any CPU
		{9EC165CA-0939-4CBA-8DFA-6F7DA8DEC51E}.Release|Any CPU.Build.0 = Release|Any CPU
		{45A4BB8B-BA00-401C-B888-6016A51E9DE1}.Debug|Any CPU.ActiveCfg = Debug|Any CPU
		{45A4BB8B-BA00-401C-B888-6016A51E9DE1}.Debug|Any CPU.Build.0 = Debug|Any CPU
		{45A4BB8B-BA00-401C-B888-6016A51E9DE1}.Release|Any CPU.ActiveCfg = Release|Any CPU
		{45A4BB8B-BA00-401C-B888-6016A51E9DE1}.Release|Any CPU.Build.0 = Release|Any CPU
		{3B4D50E6-4FFD-4262-8CF7-CAD4BB3EC715}.Debug|Any CPU.ActiveCfg = Debug|Any CPU
		{3B4D50E6-4FFD-4262-8CF7-CAD4BB3EC715}.Debug|Any CPU.Build.0 = Debug|Any CPU
		{3B4D50E6-4FFD-4262-8CF7-CAD4BB3EC715}.Release|Any CPU.ActiveCfg = Release|Any CPU
		{3B4D50E6-4FFD-4262-8CF7-CAD4BB3EC715}.Release|Any CPU.Build.0 = Release|Any CPU
	EndGlobalSection
	GlobalSection(SolutionProperties) = preSolution
		HideSolutionNode = FALSE
	EndGlobalSection
	GlobalSection(ExtensibilityGlobals) = postSolution
		SolutionGuid = {5E7EF784-AD3B-46F1-9365-ACCBA7A6E70B}
	EndGlobalSection
EndGlobal
